
Microsoft Visual Studio Solution File, Format Version 12.00
# Visual Studio Version 17
VisualStudioVersion = 17.0.31903.59
MinimumVisualStudioVersion = 10.0.40219.1
Project("{FAE04EC0-301F-11D3-BF4B-00C04F79EFBC}") = "ProtoSharp.Application", "ProtoSharp.Application\ProtoSharp.Application.csproj", "{A15B06B7-1A0A-49AA-AFD9-DFF9D7D6E0EE}"
EndProject
Project("{FAE04EC0-301F-11D3-BF4B-00C04F79EFBC}") = "ProtoSharp.WebApi", "ProtoSharp.WebApi\ProtoSharp.WebApi.csproj", "{CE8069B4-C7F2-4BD7-A2BA-7F30067F3CB1}"
EndProject
Global
	GlobalSection(SolutionConfigurationPlatforms) = preSolution
		Debug|Any CPU = Debug|Any CPU
		Release|Any CPU = Release|Any CPU
	EndGlobalSection
	GlobalSection(SolutionProperties) = preSolution
		HideSolutionNode = FALSE
	EndGlobalSection
	GlobalSection(ProjectConfigurationPlatforms) = postSolution
		{A15B06B7-1A0A-49AA-AFD9-DFF9D7D6E0EE}.Debug|Any CPU.ActiveCfg = Debug|Any CPU
		{A15B06B7-1A0A-49AA-AFD9-DFF9D7D6E0EE}.Debug|Any CPU.Build.0 = Debug|Any CPU
		{A15B06B7-1A0A-49AA-AFD9-DFF9D7D6E0EE}.Release|Any CPU.ActiveCfg = Release|Any CPU
		{A15B06B7-1A0A-49AA-AFD9-DFF9D7D6E0EE}.Release|Any CPU.Build.0 = Release|Any CPU
		{CE8069B4-C7F2-4BD7-A2BA-7F30067F3CB1}.Debug|Any CPU.ActiveCfg = Debug|Any CPU
		{CE8069B4-C7F2-4BD7-A2BA-7F30067F3CB1}.Debug|Any CPU.Build.0 = Debug|Any CPU
		{CE8069B4-C7F2-4BD7-A2BA-7F30067F3CB1}.Release|Any CPU.ActiveCfg = Release|Any CPU
		{CE8069B4-C7F2-4BD7-A2BA-7F30067F3CB1}.Release|Any CPU.Build.0 = Release|Any CPU
	EndGlobalSection
EndGlobal
